
Microsoft Visual Studio Solution File, Format Version 12.00
# Visual Studio Version 17
VisualStudioVersion = 17.7.34221.43
MinimumVisualStudioVersion = 10.0.40219.1
Project("{FAE04EC0-301F-11D3-BF4B-00C04F79EFBC}") = "ConAssignmentInterface", "ConAssignmentInterface\ConAssignmentInterface.csproj", "{C9B14AAC-D55A-4C0B-AB06-B6EE9B15DC49}"
EndProject
Global
	GlobalSection(SolutionConfigurationPlatforms) = preSolution
		Debug|Any CPU = Debug|Any CPU
		Release|Any CPU = Release|Any CPU
	EndGlobalSection
	GlobalSection(ProjectConfigurationPlatforms) = postSolution
		{C9B14AAC-D55A-4C0B-AB06-B6EE9B15DC49}.Debug|Any CPU.ActiveCfg = Debug|Any CPU
		{C9B14AAC-D55A-4C0B-AB06-B6EE9B15DC49}.Debug|Any CPU.Build.0 = Debug|Any CPU
		{C9B14AAC-D55A-4C0B-AB06-B6EE9B15DC49}.Release|Any CPU.ActiveCfg = Release|Any CPU
		{C9B14AAC-D55A-4C0B-AB06-B6EE9B15DC49}.Release|Any CPU.Build.0 = Release|Any CPU
	EndGlobalSection
	GlobalSection(SolutionProperties) = preSolution
		HideSolutionNode = FALSE
	EndGlobalSection
	GlobalSection(ExtensibilityGlobals) = postSolution
		SolutionGuid = {CDA7097E-4B20-402B-9ED3-0DA674C2A91A}
	EndGlobalSection
EndGlobal
